// !$*UTF8*$!
{
	archiveVersion = 1;
	classes = {
	};
	objectVersion = 56;
	objects = {

/* Begin PBXBuildFile section */
		B7539F822AE722760092E1D9 /* OkusuReminderApp.swift in Sources */ = {isa = PBXBuildFile; fileRef = B7539F812AE722760092E1D9 /* OkusuReminderApp.swift */; };
		B7539F862AE722770092E1D9 /* Assets.xcassets in Resources */ = {isa = PBXBuildFile; fileRef = B7539F852AE722770092E1D9 /* Assets.xcassets */; };
		B7539F892AE722770092E1D9 /* Preview Assets.xcassets in Resources */ = {isa = PBXBuildFile; fileRef = B7539F882AE722770092E1D9 /* Preview Assets.xcassets */; };
		B7539F932AE722F10092E1D9 /* FirstModel.swift in Sources */ = {isa = PBXBuildFile; fileRef = B7539F922AE722F10092E1D9 /* FirstModel.swift */; };
		B7539F952AE723010092E1D9 /* FirstView.swift in Sources */ = {isa = PBXBuildFile; fileRef = B7539F942AE723010092E1D9 /* FirstView.swift */; };
		B7539F972AE723120092E1D9 /* FirstViewModel.swift in Sources */ = {isa = PBXBuildFile; fileRef = B7539F962AE723120092E1D9 /* FirstViewModel.swift */; };
		B7539F9F2AE7F0E00092E1D9 /* FirstTabView.swift in Sources */ = {isa = PBXBuildFile; fileRef = B7539F9E2AE7F0E00092E1D9 /* FirstTabView.swift */; };
		B7539FA12AE7F0EE0092E1D9 /* SecondTabView.swift in Sources */ = {isa = PBXBuildFile; fileRef = B7539FA02AE7F0EE0092E1D9 /* SecondTabView.swift */; };
		B7539FA32AE7F0FB0092E1D9 /* ThirdTabView.swift in Sources */ = {isa = PBXBuildFile; fileRef = B7539FA22AE7F0FB0092E1D9 /* ThirdTabView.swift */; };
		B7539FAA2AED64A20092E1D9 /* MochiyPopOne-Regular.ttf in Resources */ = {isa = PBXBuildFile; fileRef = B7539FA82AED64A20092E1D9 /* MochiyPopOne-Regular.ttf */; };
		B7539FAB2AED64A20092E1D9 /* OFL.txt in Resources */ = {isa = PBXBuildFile; fileRef = B7539FA92AED64A20092E1D9 /* OFL.txt */; };
/* End PBXBuildFile section */

/* Begin PBXFileReference section */
		B7539F7E2AE722760092E1D9 /* OkusuReminder.app */ = {isa = PBXFileReference; explicitFileType = wrapper.application; includeInIndex = 0; path = OkusuReminder.app; sourceTree = BUILT_PRODUCTS_DIR; };
		B7539F812AE722760092E1D9 /* OkusuReminderApp.swift */ = {isa = PBXFileReference; lastKnownFileType = sourcecode.swift; path = OkusuReminderApp.swift; sourceTree = "<group>"; };
		B7539F852AE722770092E1D9 /* Assets.xcassets */ = {isa = PBXFileReference; lastKnownFileType = folder.assetcatalog; path = Assets.xcassets; sourceTree = "<group>"; };
		B7539F882AE722770092E1D9 /* Preview Assets.xcassets */ = {isa = PBXFileReference; lastKnownFileType = folder.assetcatalog; path = "Preview Assets.xcassets"; sourceTree = "<group>"; };
		B7539F922AE722F10092E1D9 /* FirstModel.swift */ = {isa = PBXFileReference; lastKnownFileType = sourcecode.swift; path = FirstModel.swift; sourceTree = "<group>"; };
		B7539F942AE723010092E1D9 /* FirstView.swift */ = {isa = PBXFileReference; lastKnownFileType = sourcecode.swift; path = FirstView.swift; sourceTree = "<group>"; };
		B7539F962AE723120092E1D9 /* FirstViewModel.swift */ = {isa = PBXFileReference; lastKnownFileType = sourcecode.swift; path = FirstViewModel.swift; sourceTree = "<group>"; };
		B7539F9E2AE7F0E00092E1D9 /* FirstTabView.swift */ = {isa = PBXFileReference; lastKnownFileType = sourcecode.swift; path = FirstTabView.swift; sourceTree = "<group>"; };
		B7539FA02AE7F0EE0092E1D9 /* SecondTabView.swift */ = {isa = PBXFileReference; lastKnownFileType = sourcecode.swift; path = SecondTabView.swift; sourceTree = "<group>"; };
		B7539FA22AE7F0FB0092E1D9 /* ThirdTabView.swift */ = {isa = PBXFileReference; lastKnownFileType = sourcecode.swift; path = ThirdTabView.swift; sourceTree = "<group>"; };
		B7539FA82AED64A20092E1D9 /* MochiyPopOne-Regular.ttf */ = {isa = PBXFileReference; lastKnownFileType = file; path = "MochiyPopOne-Regular.ttf"; sourceTree = "<group>"; };
		B7539FA92AED64A20092E1D9 /* OFL.txt */ = {isa = PBXFileReference; fileEncoding = 4; lastKnownFileType = text; path = OFL.txt; sourceTree = "<group>"; };
		B7539FAC2AED64E60092E1D9 /* Info.plist */ = {isa = PBXFileReference; lastKnownFileType = text.plist; path = Info.plist; sourceTree = "<group>"; };
/* End PBXFileReference section */

/* Begin PBXFrameworksBuildPhase section */
		B7539F7B2AE722760092E1D9 /* Frameworks */ = {
			isa = PBXFrameworksBuildPhase;
			buildActionMask = 2147483647;
			files = (
			);
			runOnlyForDeploymentPostprocessing = 0;
		};
/* End PBXFrameworksBuildPhase section */

/* Begin PBXGroup section */
		B7539F752AE722760092E1D9 = {
			isa = PBXGroup;
			children = (
				B7539F802AE722760092E1D9 /* OkusuReminder */,
				B7539F7F2AE722760092E1D9 /* Products */,
			);
			sourceTree = "<group>";
		};
		B7539F7F2AE722760092E1D9 /* Products */ = {
			isa = PBXGroup;
			children = (
				B7539F7E2AE722760092E1D9 /* OkusuReminder.app */,
			);
			name = Products;
			sourceTree = "<group>";
		};
		B7539F802AE722760092E1D9 /* OkusuReminder */ = {
			isa = PBXGroup;
			children = (
				B7539FAC2AED64E60092E1D9 /* Info.plist */,
				B7539FA42AED64560092E1D9 /* fonts */,
				B7539F812AE722760092E1D9 /* OkusuReminderApp.swift */,
				B7539F8F2AE7229A0092E1D9 /* Model */,
				B7539F902AE722A30092E1D9 /* View */,
				B7539F912AE722CA0092E1D9 /* ViewModel */,
				B7539F872AE722770092E1D9 /* Preview Content */,
			);
			path = OkusuReminder;
			sourceTree = "<group>";
		};
		B7539F872AE722770092E1D9 /* Preview Content */ = {
			isa = PBXGroup;
			children = (
				B7539F852AE722770092E1D9 /* Assets.xcassets */,
				B7539F882AE722770092E1D9 /* Preview Assets.xcassets */,
			);
			path = "Preview Content";
			sourceTree = "<group>";
		};
		B7539F8F2AE7229A0092E1D9 /* Model */ = {
			isa = PBXGroup;
			children = (
				B7539F922AE722F10092E1D9 /* FirstModel.swift */,
			);
			path = Model;
			sourceTree = "<group>";
		};
		B7539F902AE722A30092E1D9 /* View */ = {
			isa = PBXGroup;
			children = (
				B7539F942AE723010092E1D9 /* FirstView.swift */,
				B7539F9E2AE7F0E00092E1D9 /* FirstTabView.swift */,
				B7539FA02AE7F0EE0092E1D9 /* SecondTabView.swift */,
				B7539FA22AE7F0FB0092E1D9 /* ThirdTabView.swift */,
			);
			path = View;
			sourceTree = "<group>";
		};
		B7539F912AE722CA0092E1D9 /* ViewModel */ = {
			isa = PBXGroup;
			children = (
				B7539F962AE723120092E1D9 /* FirstViewModel.swift */,
			);
			path = ViewModel;
			sourceTree = "<group>";
		};
		B7539FA42AED64560092E1D9 /* fonts */ = {
			isa = PBXGroup;
			children = (
				B7539FA72AED64A20092E1D9 /* Mochiy_Pop_One */,
			);
			path = fonts;
			sourceTree = "<group>";
		};
		B7539FA72AED64A20092E1D9 /* Mochiy_Pop_One */ = {
			isa = PBXGroup;
			children = (
				B7539FA82AED64A20092E1D9 /* MochiyPopOne-Regular.ttf */,
				B7539FA92AED64A20092E1D9 /* OFL.txt */,
			);
			path = Mochiy_Pop_One;
			sourceTree = "<group>";
		};
/* End PBXGroup section */

/* Begin PBXNativeTarget section */
		B7539F7D2AE722760092E1D9 /* OkusuReminder */ = {
			isa = PBXNativeTarget;
			buildConfigurationList = B7539F8C2AE722770092E1D9 /* Build configuration list for PBXNativeTarget "OkusuReminder" */;
			buildPhases = (
				B7539F7A2AE722760092E1D9 /* Sources */,
				B7539F7B2AE722760092E1D9 /* Frameworks */,
				B7539F7C2AE722760092E1D9 /* Resources */,
			);
			buildRules = (
			);
			dependencies = (
			);
			name = OkusuReminder;
			productName = OkusuReminder;
			productReference = B7539F7E2AE722760092E1D9 /* OkusuReminder.app */;
			productType = "com.apple.product-type.application";
		};
/* End PBXNativeTarget section */

/* Begin PBXProject section */
		B7539F762AE722760092E1D9 /* Project object */ = {
			isa = PBXProject;
			attributes = {
				BuildIndependentTargetsInParallel = 1;
				LastSwiftUpdateCheck = 1430;
				LastUpgradeCheck = 1430;
				TargetAttributes = {
					B7539F7D2AE722760092E1D9 = {
						CreatedOnToolsVersion = 14.3.1;
					};
				};
			};
			buildConfigurationList = B7539F792AE722760092E1D9 /* Build configuration list for PBXProject "OkusuReminder" */;
			compatibilityVersion = "Xcode 14.0";
			developmentRegion = en;
			hasScannedForEncodings = 0;
			knownRegions = (
				en,
				Base,
			);
			mainGroup = B7539F752AE722760092E1D9;
			productRefGroup = B7539F7F2AE722760092E1D9 /* Products */;
			projectDirPath = "";
			projectRoot = "";
			targets = (
				B7539F7D2AE722760092E1D9 /* OkusuReminder */,
			);
		};
/* End PBXProject section */

/* Begin PBXResourcesBuildPhase section */
		B7539F7C2AE722760092E1D9 /* Resources */ = {
			isa = PBXResourcesBuildPhase;
			buildActionMask = 2147483647;
			files = (
				B7539F892AE722770092E1D9 /* Preview Assets.xcassets in Resources */,
				B7539FAA2AED64A20092E1D9 /* MochiyPopOne-Regular.ttf in Resources */,
				B7539FAB2AED64A20092E1D9 /* OFL.txt in Resources */,
				B7539F862AE722770092E1D9 /* Assets.xcassets in Resources */,
			);
			runOnlyForDeploymentPostprocessing = 0;
		};
/* End PBXResourcesBuildPhase section */

/* Begin PBXSourcesBuildPhase section */
		B7539F7A2AE722760092E1D9 /* Sources */ = {
			isa = PBXSourcesBuildPhase;
			buildActionMask = 2147483647;
			files = (
				B7539F9F2AE7F0E00092E1D9 /* FirstTabView.swift in Sources */,
				B7539F932AE722F10092E1D9 /* FirstModel.swift in Sources */,
				B7539F952AE723010092E1D9 /* FirstView.swift in Sources */,
				B7539FA32AE7F0FB0092E1D9 /* ThirdTabView.swift in Sources */,
				B7539F822AE722760092E1D9 /* OkusuReminderApp.swift in Sources */,
				B7539FA12AE7F0EE0092E1D9 /* SecondTabView.swift in Sources */,
				B7539F972AE723120092E1D9 /* FirstViewModel.swift in Sources */,
			);
			runOnlyForDeploymentPostprocessing = 0;
		};
/* End PBXSourcesBuildPhase section */

/* Begin XCBuildConfiguration section */
		B7539F8A2AE722770092E1D9 /* Debug */ = {
			isa = XCBuildConfiguration;
			buildSettings = {
				ALWAYS_SEARCH_USER_PATHS = NO;
				CLANG_ANALYZER_NONNULL = YES;
				CLANG_ANALYZER_NUMBER_OBJECT_CONVERSION = YES_AGGRESSIVE;
				CLANG_CXX_LANGUAGE_STANDARD = "gnu++20";
				CLANG_ENABLE_MODULES = YES;
				CLANG_ENABLE_OBJC_ARC = YES;
				CLANG_ENABLE_OBJC_WEAK = YES;
				CLANG_WARN_BLOCK_CAPTURE_AUTORELEASING = YES;
				CLANG_WARN_BOOL_CONVERSION = YES;
				CLANG_WARN_COMMA = YES;
				CLANG_WARN_CONSTANT_CONVERSION = YES;
				CLANG_WARN_DEPRECATED_OBJC_IMPLEMENTATIONS = YES;
				CLANG_WARN_DIRECT_OBJC_ISA_USAGE = YES_ERROR;
				CLANG_WARN_DOCUMENTATION_COMMENTS = YES;
				CLANG_WARN_EMPTY_BODY = YES;
				CLANG_WARN_ENUM_CONVERSION = YES;
				CLANG_WARN_INFINITE_RECURSION = YES;
				CLANG_WARN_INT_CONVERSION = YES;
				CLANG_WARN_NON_LITERAL_NULL_CONVERSION = YES;
				CLANG_WARN_OBJC_IMPLICIT_RETAIN_SELF = YES;
				CLANG_WARN_OBJC_LITERAL_CONVERSION = YES;
				CLANG_WARN_OBJC_ROOT_CLASS = YES_ERROR;
				CLANG_WARN_QUOTED_INCLUDE_IN_FRAMEWORK_HEADER = YES;
				CLANG_WARN_RANGE_LOOP_ANALYSIS = YES;
				CLANG_WARN_STRICT_PROTOTYPES = YES;
				CLANG_WARN_SUSPICIOUS_MOVE = YES;
				CLANG_WARN_UNGUARDED_AVAILABILITY = YES_AGGRESSIVE;
				CLANG_WARN_UNREACHABLE_CODE = YES;
				CLANG_WARN__DUPLICATE_METHOD_MATCH = YES;
				COPY_PHASE_STRIP = NO;
				DEBUG_INFORMATION_FORMAT = dwarf;
				ENABLE_STRICT_OBJC_MSGSEND = YES;
				ENABLE_TESTABILITY = YES;
				GCC_C_LANGUAGE_STANDARD = gnu11;
				GCC_DYNAMIC_NO_PIC = NO;
				GCC_NO_COMMON_BLOCKS = YES;
				GCC_OPTIMIZATION_LEVEL = 0;
				GCC_PREPROCESSOR_DEFINITIONS = (
					"DEBUG=1",
					"$(inherited)",
				);
				GCC_WARN_64_TO_32_BIT_CONVERSION = YES;
				GCC_WARN_ABOUT_RETURN_TYPE = YES_ERROR;
				GCC_WARN_UNDECLARED_SELECTOR = YES;
				GCC_WARN_UNINITIALIZED_AUTOS = YES_AGGRESSIVE;
				GCC_WARN_UNUSED_FUNCTION = YES;
				GCC_WARN_UNUSED_VARIABLE = YES;
				IPHONEOS_DEPLOYMENT_TARGET = 16.4;
				MTL_ENABLE_DEBUG_INFO = INCLUDE_SOURCE;
				MTL_FAST_MATH = YES;
				ONLY_ACTIVE_ARCH = YES;
				SDKROOT = iphoneos;
				SWIFT_ACTIVE_COMPILATION_CONDITIONS = DEBUG;
				SWIFT_OPTIMIZATION_LEVEL = "-Onone";
			};
			name = Debug;
		};
		B7539F8B2AE722770092E1D9 /* Release */ = {
			isa = XCBuildConfiguration;
			buildSettings = {
				ALWAYS_SEARCH_USER_PATHS = NO;
				CLANG_ANALYZER_NONNULL = YES;
				CLANG_ANALYZER_NUMBER_OBJECT_CONVERSION = YES_AGGRESSIVE;
				CLANG_CXX_LANGUAGE_STANDARD = "gnu++20";
				CLANG_ENABLE_MODULES = YES;
				CLANG_ENABLE_OBJC_ARC = YES;
				CLANG_ENABLE_OBJC_WEAK = YES;
				CLANG_WARN_BLOCK_CAPTURE_AUTORELEASING = YES;
				CLANG_WARN_BOOL_CONVERSION = YES;
				CLANG_WARN_COMMA = YES;
				CLANG_WARN_CONSTANT_CONVERSION = YES;
				CLANG_WARN_DEPRECATED_OBJC_IMPLEMENTATIONS = YES;
				CLANG_WARN_DIRECT_OBJC_ISA_USAGE = YES_ERROR;
				CLANG_WARN_DOCUMENTATION_COMMENTS = YES;
				CLANG_WARN_EMPTY_BODY = YES;
				CLANG_WARN_ENUM_CONVERSION = YES;
				CLANG_WARN_INFINITE_RECURSION = YES;
				CLANG_WARN_INT_CONVERSION = YES;
				CLANG_WARN_NON_LITERAL_NULL_CONVERSION = YES;
				CLANG_WARN_OBJC_IMPLICIT_RETAIN_SELF = YES;
				CLANG_WARN_OBJC_LITERAL_CONVERSION = YES;
				CLANG_WARN_OBJC_ROOT_CLASS = YES_ERROR;
				CLANG_WARN_QUOTED_INCLUDE_IN_FRAMEWORK_HEADER = YES;
				CLANG_WARN_RANGE_LOOP_ANALYSIS = YES;
				CLANG_WARN_STRICT_PROTOTYPES = YES;
				CLANG_WARN_SUSPICIOUS_MOVE = YES;
				CLANG_WARN_UNGUARDED_AVAILABILITY = YES_AGGRESSIVE;
				CLANG_WARN_UNREACHABLE_CODE = YES;
				CLANG_WARN__DUPLICATE_METHOD_MATCH = YES;
				COPY_PHASE_STRIP = NO;
				DEBUG_INFORMATION_FORMAT = "dwarf-with-dsym";
				ENABLE_NS_ASSERTIONS = NO;
				ENABLE_STRICT_OBJC_MSGSEND = YES;
				GCC_C_LANGUAGE_STANDARD = gnu11;
				GCC_NO_COMMON_BLOCKS = YES;
				GCC_WARN_64_TO_32_BIT_CONVERSION = YES;
				GCC_WARN_ABOUT_RETURN_TYPE = YES_ERROR;
				GCC_WARN_UNDECLARED_SELECTOR = YES;
				GCC_WARN_UNINITIALIZED_AUTOS = YES_AGGRESSIVE;
				GCC_WARN_UNUSED_FUNCTION = YES;
				GCC_WARN_UNUSED_VARIABLE = YES;
				IPHONEOS_DEPLOYMENT_TARGET = 16.4;
				MTL_ENABLE_DEBUG_INFO = NO;
				MTL_FAST_MATH = YES;
				SDKROOT = iphoneos;
				SWIFT_COMPILATION_MODE = wholemodule;
				SWIFT_OPTIMIZATION_LEVEL = "-O";
				VALIDATE_PRODUCT = YES;
			};
			name = Release;
		};
		B7539F8D2AE722770092E1D9 /* Debug */ = {
			isa = XCBuildConfiguration;
			buildSettings = {
				ASSETCATALOG_COMPILER_APPICON_NAME = AppIcon;
				ASSETCATALOG_COMPILER_GLOBAL_ACCENT_COLOR_NAME = AccentColor;
				CODE_SIGN_STYLE = Automatic;
				CURRENT_PROJECT_VERSION = 1;
				DEVELOPMENT_ASSET_PATHS = "\"OkusuReminder/Preview Content\"";
				DEVELOPMENT_TEAM = WS47T5734P;
				ENABLE_PREVIEWS = YES;
				GENERATE_INFOPLIST_FILE = YES;
				INFOPLIST_FILE = OkusuReminder/Info.plist;
				INFOPLIST_KEY_UIApplicationSceneManifest_Generation = YES;
				INFOPLIST_KEY_UIApplicationSupportsIndirectInputEvents = YES;
				INFOPLIST_KEY_UILaunchScreen_Generation = YES;
				INFOPLIST_KEY_UISupportedInterfaceOrientations_iPad = "UIInterfaceOrientationPortrait UIInterfaceOrientationPortraitUpsideDown UIInterfaceOrientationLandscapeLeft UIInterfaceOrientationLandscapeRight";
				INFOPLIST_KEY_UISupportedInterfaceOrientations_iPhone = "UIInterfaceOrientationPortrait UIInterfaceOrientationLandscapeLeft UIInterfaceOrientationLandscapeRight";
				LD_RUNPATH_SEARCH_PATHS = (
					"$(inherited)",
					"@executable_path/Frameworks",
				);
				MARKETING_VERSION = 1.0;
				PRODUCT_BUNDLE_IDENTIFIER = com.mtking0724.OkusuReminder;
				PRODUCT_NAME = "$(TARGET_NAME)";
				SWIFT_EMIT_LOC_STRINGS = YES;
				SWIFT_VERSION = 5.0;
				TARGETED_DEVICE_FAMILY = "1,2";
			};
			name = Debug;
		};
		B7539F8E2AE722770092E1D9 /* Release */ = {
			isa = XCBuildConfiguration;
			buildSettings = {
				ASSETCATALOG_COMPILER_APPICON_NAME = AppIcon;
				ASSETCATALOG_COMPILER_GLOBAL_ACCENT_COLOR_NAME = AccentColor;
				CODE_SIGN_STYLE = Automatic;
				CURRENT_PROJECT_VERSION = 1;
				DEVELOPMENT_ASSET_PATHS = "\"OkusuReminder/Preview Content\"";
				DEVELOPMENT_TEAM = WS47T5734P;
				ENABLE_PREVIEWS = YES;
				GENERATE_INFOPLIST_FILE = YES;
				INFOPLIST_FILE = OkusuReminder/Info.plist;
				INFOPLIST_KEY_UIApplicationSceneManifest_Generation = YES;
				INFOPLIST_KEY_UIApplicationSupportsIndirectInputEvents = YES;
				INFOPLIST_KEY_UILaunchScreen_Generation = YES;
				INFOPLIST_KEY_UISupportedInterfaceOrientations_iPad = "UIInterfaceOrientationPortrait UIInterfaceOrientationPortraitUpsideDown UIInterfaceOrientationLandscapeLeft UIInterfaceOrientationLandscapeRight";
				INFOPLIST_KEY_UISupportedInterfaceOrientations_iPhone = "UIInterfaceOrientationPortrait UIInterfaceOrientationLandscapeLeft UIInterfaceOrientationLandscapeRight";
				LD_RUNPATH_SEARCH_PATHS = (
					"$(inherited)",
					"@executable_path/Frameworks",
				);
				MARKETING_VERSION = 1.0;
				PRODUCT_BUNDLE_IDENTIFIER = com.mtking0724.OkusuReminder;
				PRODUCT_NAME = "$(TARGET_NAME)";
				SWIFT_EMIT_LOC_STRINGS = YES;
				SWIFT_VERSION = 5.0;
				TARGETED_DEVICE_FAMILY = "1,2";
			};
			name = Release;
		};
/* End XCBuildConfiguration section */

/* Begin XCConfigurationList section */
		B7539F792AE722760092E1D9 /* Build configuration list for PBXProject "OkusuReminder" */ = {
			isa = XCConfigurationList;
			buildConfigurations = (
				B7539F8A2AE722770092E1D9 /* Debug */,
				B7539F8B2AE722770092E1D9 /* Release */,
			);
			defaultConfigurationIsVisible = 0;
			defaultConfigurationName = Release;
		};
		B7539F8C2AE722770092E1D9 /* Build configuration list for PBXNativeTarget "OkusuReminder" */ = {
			isa = XCConfigurationList;
			buildConfigurations = (
				B7539F8D2AE722770092E1D9 /* Debug */,
				B7539F8E2AE722770092E1D9 /* Release */,
			);
			defaultConfigurationIsVisible = 0;
			defaultConfigurationName = Release;
		};
/* End XCConfigurationList section */
	};
	rootObject = B7539F762AE722760092E1D9 /* Project object */;
}
